
Microsoft Visual Studio Solution File, Format Version 12.00
# Visual Studio 15
VisualStudioVersion = 15.0.28307.1622
MinimumVisualStudioVersion = 10.0.40219.1
Project("{8BC9CEB8-8B4A-11D0-8D11-00A0C91BC942}") = "opengl_3d", "opengl_3d\opengl_3d.vcxproj", "{219D40A7-24D7-4F71-BCCE-EE83F1E2EAF7}"
EndProject
Global
	GlobalSection(SolutionConfigurationPlatforms) = preSolution
		Debug|x64 = Debug|x64
		Debug|x86 = Debug|x86
		Release|x64 = Release|x64
		Release|x86 = Release|x86
	EndGlobalSection
	GlobalSection(ProjectConfigurationPlatforms) = postSolution
		{219D40A7-24D7-4F71-BCCE-EE83F1E2EAF7}.Debug|x64.ActiveCfg = Debug|x64
		{219D40A7-24D7-4F71-BCCE-EE83F1E2EAF7}.Debug|x64.Build.0 = Debug|x64
		{219D40A7-24D7-4F71-BCCE-EE83F1E2EAF7}.Debug|x86.ActiveCfg = Debug|Win32
		{219D40A7-24D7-4F71-BCCE-EE83F1E2EAF7}.Debug|x86.Build.0 = Debug|Win32
		{219D40A7-24D7-4F71-BCCE-EE83F1E2EAF7}.Release|x64.ActiveCfg = Release|x64
		{219D40A7-24D7-4F71-BCCE-EE83F1E2EAF7}.Release|x64.Build.0 = Release|x64
		{219D40A7-24D7-4F71-BCCE-EE83F1E2EAF7}.Release|x86.ActiveCfg = Release|Win32
		{219D40A7-24D7-4F71-BCCE-EE83F1E2EAF7}.Release|x86.Build.0 = Release|Win32
	EndGlobalSection
	GlobalSection(SolutionProperties) = preSolution
		HideSolutionNode = FALSE
	EndGlobalSection
	GlobalSection(ExtensibilityGlobals) = postSolution
		SolutionGuid = {6CB05D1D-E36E-47F5-ABED-7DF2753771CD}
	EndGlobalSection
EndGlobal
